# THIS IS AN AUTOGENERATED FILE. DO NOT EDIT THIS FILE DIRECTLY.
# yarn lockfile v1


ask-sdk-core@2.0.*:
  version "2.0.10"
  resolved "https://registry.yarnpkg.com/ask-sdk-core/-/ask-sdk-core-2.0.10.tgz#8fd07c39ea267bebafd2dfb5f47202ebef8d71d3"
  integrity sha512-F3Sy7POfWV5sj1blRIwg9NCXePeN3jpYrlTEPOG69GqoJrn9foF4NwTmjA5DgyzYaXO62QKNY2mUAO5SkFWZWA==

ask-sdk-model@1.4.*:
  version "1.4.1"
  resolved "https://registry.yarnpkg.com/ask-sdk-model/-/ask-sdk-model-1.4.1.tgz#cbc3e071ac720336ee289dd0a57e6bbdf5c9d0f9"
  integrity sha512-pwpaavszEATrEtVEQSxYgDXj8kkkMh7rQzlIyOsSRdSI/mTJEk9Xb5mPkZw2QTCYsyVWxynWcw07uL6Wehpmmg==

typescript@^3.7.4:
  version "3.7.4"
  resolved "https://registry.yarnpkg.com/typescript/-/typescript-3.7.4.tgz#1743a5ec5fef6a1fa9f3e4708e33c81c73876c19"
  integrity sha512-A25xv5XCtarLwXpcDNZzCGvW2D1S3/bACratYBx2sax8PefsFhlYmkQicKHvpYflFS8if4zne5zT5kpJ7pzuvw==
